
Microsoft Visual Studio Solution File, Format Version 12.00
# Visual Studio Version 16
VisualStudioVersion = 16.0.29613.14
MinimumVisualStudioVersion = 10.0.40219.1
Project("{9A19103F-16F7-4668-BE54-9A1E7A4F7556}") = "WebApi", "WebApi\WebApi.csproj", "{8C23ABF9-340A-4D21-BACD-A515A3C072EF}"
EndProject
Global
	GlobalSection(SolutionConfigurationPlatforms) = preSolution
		Debug|Any CPU = Debug|Any CPU
		Release|Any CPU = Release|Any CPU
	EndGlobalSection
	GlobalSection(ProjectConfigurationPlatforms) = postSolution
		{8C23ABF9-340A-4D21-BACD-A515A3C072EF}.Debug|Any CPU.ActiveCfg = Debug|Any CPU
		{8C23ABF9-340A-4D21-BACD-A515A3C072EF}.Debug|Any CPU.Build.0 = Debug|Any CPU
		{8C23ABF9-340A-4D21-BACD-A515A3C072EF}.Release|Any CPU.ActiveCfg = Release|Any CPU
		{8C23ABF9-340A-4D21-BACD-A515A3C072EF}.Release|Any CPU.Build.0 = Release|Any CPU
	EndGlobalSection
	GlobalSection(SolutionProperties) = preSolution
		HideSolutionNode = FALSE
	EndGlobalSection
	GlobalSection(ExtensibilityGlobals) = postSolution
		SolutionGuid = {B2B4F7FC-222A-4EB6-9A92-DA02BBADF2A8}
	EndGlobalSection
EndGlobal
